
Microsoft Visual Studio Solution File, Format Version 12.00
# Visual Studio Version 17
VisualStudioVersion = 17.4.33213.308
MinimumVisualStudioVersion = 10.0.40219.1
Project("{FAE04EC0-301F-11D3-BF4B-00C04F79EFBC}") = "Lab2", "Lab2\Lab2.csproj", "{F356D419-2DAE-4FD2-9DA0-55CA506C9E4E}"
EndProject
Project("{9A19103F-16F7-4668-BE54-9A1E7A4F7556}") = "Lab3", "Lab3\Lab3.csproj", "{66D2FFA0-76B1-4E29-83B6-0513BC5852D2}"
EndProject
Project("{9A19103F-16F7-4668-BE54-9A1E7A4F7556}") = "Containers", "Containers\Containers.csproj", "{C325BCBE-5141-4E5F-BA75-9D1C4914F15F}"
EndProject
Project("{9A19103F-16F7-4668-BE54-9A1E7A4F7556}") = "Lab1", "Lab1\Lab1.csproj", "{867F5DA8-B7D2-4FDB-B000-06AD7D491336}"
EndProject
Global
	GlobalSection(SolutionConfigurationPlatforms) = preSolution
		Debug|Any CPU = Debug|Any CPU
		Debug|x64 = Debug|x64
		Debug|x86 = Debug|x86
		Release|Any CPU = Release|Any CPU
		Release|x64 = Release|x64
		Release|x86 = Release|x86
	EndGlobalSection
	GlobalSection(ProjectConfigurationPlatforms) = postSolution
		{F356D419-2DAE-4FD2-9DA0-55CA506C9E4E}.Debug|Any CPU.ActiveCfg = Debug|Any CPU
		{F356D419-2DAE-4FD2-9DA0-55CA506C9E4E}.Debug|Any CPU.Build.0 = Debug|Any CPU
		{F356D419-2DAE-4FD2-9DA0-55CA506C9E4E}.Debug|x64.ActiveCfg = Debug|Any CPU
		{F356D419-2DAE-4FD2-9DA0-55CA506C9E4E}.Debug|x64.Build.0 = Debug|Any CPU
		{F356D419-2DAE-4FD2-9DA0-55CA506C9E4E}.Debug|x86.ActiveCfg = Debug|Any CPU
		{F356D419-2DAE-4FD2-9DA0-55CA506C9E4E}.Debug|x86.Build.0 = Debug|Any CPU
		{F356D419-2DAE-4FD2-9DA0-55CA506C9E4E}.Release|Any CPU.ActiveCfg = Release|Any CPU
		{F356D419-2DAE-4FD2-9DA0-55CA506C9E4E}.Release|Any CPU.Build.0 = Release|Any CPU
		{F356D419-2DAE-4FD2-9DA0-55CA506C9E4E}.Release|x64.ActiveCfg = Release|Any CPU
		{F356D419-2DAE-4FD2-9DA0-55CA506C9E4E}.Release|x64.Build.0 = Release|Any CPU
		{F356D419-2DAE-4FD2-9DA0-55CA506C9E4E}.Release|x86.ActiveCfg = Release|Any CPU
		{F356D419-2DAE-4FD2-9DA0-55CA506C9E4E}.Release|x86.Build.0 = Release|Any CPU
		{66D2FFA0-76B1-4E29-83B6-0513BC5852D2}.Debug|Any CPU.ActiveCfg = Debug|Any CPU
		{66D2FFA0-76B1-4E29-83B6-0513BC5852D2}.Debug|Any CPU.Build.0 = Debug|Any CPU
		{66D2FFA0-76B1-4E29-83B6-0513BC5852D2}.Debug|x64.ActiveCfg = Debug|Any CPU
		{66D2FFA0-76B1-4E29-83B6-0513BC5852D2}.Debug|x64.Build.0 = Debug|Any CPU
		{66D2FFA0-76B1-4E29-83B6-0513BC5852D2}.Debug|x86.ActiveCfg = Debug|Any CPU
		{66D2FFA0-76B1-4E29-83B6-0513BC5852D2}.Debug|x86.Build.0 = Debug|Any CPU
		{66D2FFA0-76B1-4E29-83B6-0513BC5852D2}.Release|Any CPU.ActiveCfg = Release|Any CPU
		{66D2FFA0-76B1-4E29-83B6-0513BC5852D2}.Release|Any CPU.Build.0 = Release|Any CPU
		{66D2FFA0-76B1-4E29-83B6-0513BC5852D2}.Release|x64.ActiveCfg = Release|Any CPU
		{66D2FFA0-76B1-4E29-83B6-0513BC5852D2}.Release|x64.Build.0 = Release|Any CPU
		{66D2FFA0-76B1-4E29-83B6-0513BC5852D2}.Release|x86.ActiveCfg = Release|Any CPU
		{66D2FFA0-76B1-4E29-83B6-0513BC5852D2}.Release|x86.Build.0 = Release|Any CPU
		{C325BCBE-5141-4E5F-BA75-9D1C4914F15F}.Debug|Any CPU.ActiveCfg = Debug|Any CPU
		{C325BCBE-5141-4E5F-BA75-9D1C4914F15F}.Debug|Any CPU.Build.0 = Debug|Any CPU
		{C325BCBE-5141-4E5F-BA75-9D1C4914F15F}.Debug|x64.ActiveCfg = Debug|Any CPU
		{C325BCBE-5141-4E5F-BA75-9D1C4914F15F}.Debug|x64.Build.0 = Debug|Any CPU
		{C325BCBE-5141-4E5F-BA75-9D1C4914F15F}.Debug|x86.ActiveCfg = Debug|Any CPU
		{C325BCBE-5141-4E5F-BA75-9D1C4914F15F}.Debug|x86.Build.0 = Debug|Any CPU
		{C325BCBE-5141-4E5F-BA75-9D1C4914F15F}.Release|Any CPU.ActiveCfg = Release|Any CPU
		{C325BCBE-5141-4E5F-BA75-9D1C4914F15F}.Release|Any CPU.Build.0 = Release|Any CPU
		{C325BCBE-5141-4E5F-BA75-9D1C4914F15F}.Release|x64.ActiveCfg = Release|Any CPU
		{C325BCBE-5141-4E5F-BA75-9D1C4914F15F}.Release|x64.Build.0 = Release|Any CPU
		{C325BCBE-5141-4E5F-BA75-9D1C4914F15F}.Release|x86.ActiveCfg = Release|Any CPU
		{C325BCBE-5141-4E5F-BA75-9D1C4914F15F}.Release|x86.Build.0 = Release|Any CPU
		{867F5DA8-B7D2-4FDB-B000-06AD7D491336}.Debug|Any CPU.ActiveCfg = Debug|Any CPU
		{867F5DA8-B7D2-4FDB-B000-06AD7D491336}.Debug|Any CPU.Build.0 = Debug|Any CPU
		{867F5DA8-B7D2-4FDB-B000-06AD7D491336}.Debug|x64.ActiveCfg = Debug|Any CPU
		{867F5DA8-B7D2-4FDB-B000-06AD7D491336}.Debug|x64.Build.0 = Debug|Any CPU
		{867F5DA8-B7D2-4FDB-B000-06AD7D491336}.Debug|x86.ActiveCfg = Debug|Any CPU
		{867F5DA8-B7D2-4FDB-B000-06AD7D491336}.Debug|x86.Build.0 = Debug|Any CPU
		{867F5DA8-B7D2-4FDB-B000-06AD7D491336}.Release|Any CPU.ActiveCfg = Release|Any CPU
		{867F5DA8-B7D2-4FDB-B000-06AD7D491336}.Release|Any CPU.Build.0 = Release|Any CPU
		{867F5DA8-B7D2-4FDB-B000-06AD7D491336}.Release|x64.ActiveCfg = Release|Any CPU
		{867F5DA8-B7D2-4FDB-B000-06AD7D491336}.Release|x64.Build.0 = Release|Any CPU
		{867F5DA8-B7D2-4FDB-B000-06AD7D491336}.Release|x86.ActiveCfg = Release|Any CPU
		{867F5DA8-B7D2-4FDB-B000-06AD7D491336}.Release|x86.Build.0 = Release|Any CPU
	EndGlobalSection
	GlobalSection(SolutionProperties) = preSolution
		HideSolutionNode = FALSE
	EndGlobalSection
	GlobalSection(ExtensibilityGlobals) = postSolution
		SolutionGuid = {BF08F71D-9DB0-489B-BB81-C7C832AB59A0}
	EndGlobalSection
EndGlobal
